{
  "name": "eslint-config-dev-toolkit",
  "version": "1.0.0",
  "lockfileVersion": 1,
  "requires": true,
  "dependencies": {
    "prettier": {
      "version": "1.11.0",
      "resolved": "https://registry.npmjs.org/prettier/-/prettier-1.11.0.tgz",
      "integrity": "sha512-5TznPccvjc3WtACW2YuHXQDCCpE6cTU7rpRLTw7dtNmvrI6j8lirXwICrYImyDZknIC4RL2epnGVqRbVAsQw+w==",
      "dev": true
    }
  }
}
