{
  "requires": true,
  "lockfileVersion": 1,
  "dependencies": {
    "prettier": {
      "version": "1.11.0",
      "resolved": "https://registry.npmjs.org/prettier/-/prettier-1.11.0.tgz",
      "integrity": "sha512-5TznPccvjc3WtACW2YuHXQDCCpE6cTU7rpRLTw7dtNmvrI6j8lirXwICrYImyDZknIC4RL2epnGVqRbVAsQw+w=="
    }
  }
}
